
Microsoft Visual Studio Solution File, Format Version 12.00
# Visual Studio 15
VisualStudioVersion = 15.0.27703.2047
MinimumVisualStudioVersion = 10.0.40219.1
Project("{9A19103F-16F7-4668-BE54-9A1E7A4F7556}") = "InstantNoodle.Router", "InstantNoodle.Router\InstantNoodle.Router.csproj", "{A51B1390-1196-4BC1-B901-BA00740469A5}"
EndProject
Project("{9A19103F-16F7-4668-BE54-9A1E7A4F7556}") = "InstantNoodle.FSM", "InstantNoodle.FSM\InstantNoodle.FSM.csproj", "{D9EDADFE-49A2-4A0C-84ED-4F39E9970D2B}"
EndProject
Global
	GlobalSection(SolutionConfigurationPlatforms) = preSolution
		Debug|Any CPU = Debug|Any CPU
		Release|Any CPU = Release|Any CPU
	EndGlobalSection
	GlobalSection(ProjectConfigurationPlatforms) = postSolution
		{A51B1390-1196-4BC1-B901-BA00740469A5}.Debug|Any CPU.ActiveCfg = Debug|Any CPU
		{A51B1390-1196-4BC1-B901-BA00740469A5}.Debug|Any CPU.Build.0 = Debug|Any CPU
		{A51B1390-1196-4BC1-B901-BA00740469A5}.Release|Any CPU.ActiveCfg = Release|Any CPU
		{A51B1390-1196-4BC1-B901-BA00740469A5}.Release|Any CPU.Build.0 = Release|Any CPU
		{D9EDADFE-49A2-4A0C-84ED-4F39E9970D2B}.Debug|Any CPU.ActiveCfg = Debug|Any CPU
		{D9EDADFE-49A2-4A0C-84ED-4F39E9970D2B}.Debug|Any CPU.Build.0 = Debug|Any CPU
		{D9EDADFE-49A2-4A0C-84ED-4F39E9970D2B}.Release|Any CPU.ActiveCfg = Release|Any CPU
		{D9EDADFE-49A2-4A0C-84ED-4F39E9970D2B}.Release|Any CPU.Build.0 = Release|Any CPU
	EndGlobalSection
	GlobalSection(SolutionProperties) = preSolution
		HideSolutionNode = FALSE
	EndGlobalSection
	GlobalSection(ExtensibilityGlobals) = postSolution
		SolutionGuid = {1FB6BB90-5D2F-4F23-A725-901118237A23}
	EndGlobalSection
EndGlobal
